
Microsoft Visual Studio Solution File, Format Version 12.00
# Visual Studio Version 17
VisualStudioVersion = 17.9.34723.18
MinimumVisualStudioVersion = 10.0.40219.1
Project("{FAE04EC0-301F-11D3-BF4B-00C04F79EFBC}") = "CalculadoraSimples", "CalculadoraSimples\CalculadoraSimples.csproj", "{F6CEA825-B4D0-4052-95B3-C1C97996D82F}"
EndProject
Project("{FAE04EC0-301F-11D3-BF4B-00C04F79EFBC}") = "CalculadoraTests", "CalculadoraTests\CalculadoraTests.csproj", "{A54EB7BF-F687-40D8-B147-21B591B609BC}"
EndProject
Global
	GlobalSection(SolutionConfigurationPlatforms) = preSolution
		Debug|Any CPU = Debug|Any CPU
		Release|Any CPU = Release|Any CPU
	EndGlobalSection
	GlobalSection(ProjectConfigurationPlatforms) = postSolution
		{F6CEA825-B4D0-4052-95B3-C1C97996D82F}.Debug|Any CPU.ActiveCfg = Debug|Any CPU
		{F6CEA825-B4D0-4052-95B3-C1C97996D82F}.Debug|Any CPU.Build.0 = Debug|Any CPU
		{F6CEA825-B4D0-4052-95B3-C1C97996D82F}.Release|Any CPU.ActiveCfg = Release|Any CPU
		{F6CEA825-B4D0-4052-95B3-C1C97996D82F}.Release|Any CPU.Build.0 = Release|Any CPU
		{A54EB7BF-F687-40D8-B147-21B591B609BC}.Debug|Any CPU.ActiveCfg = Debug|Any CPU
		{A54EB7BF-F687-40D8-B147-21B591B609BC}.Debug|Any CPU.Build.0 = Debug|Any CPU
		{A54EB7BF-F687-40D8-B147-21B591B609BC}.Release|Any CPU.ActiveCfg = Release|Any CPU
		{A54EB7BF-F687-40D8-B147-21B591B609BC}.Release|Any CPU.Build.0 = Release|Any CPU
	EndGlobalSection
	GlobalSection(SolutionProperties) = preSolution
		HideSolutionNode = FALSE
	EndGlobalSection
	GlobalSection(ExtensibilityGlobals) = postSolution
		SolutionGuid = {E80099CA-DCE0-4019-870C-EA127B1172F4}
	EndGlobalSection
EndGlobal
